
Microsoft Visual Studio Solution File, Format Version 12.00
# Visual Studio Version 16
VisualStudioVersion = 16.0.29411.108
MinimumVisualStudioVersion = 10.0.40219.1
Project("{8BC9CEB8-8B4A-11D0-8D11-00A0C91BC942}") = "MathFuncsLib", "MathFuncsLib\MathFuncsLib.vcxproj", "{F86D7F87-EF6C-46E9-A0E3-7201302DD6DD}"
EndProject
Project("{8BC9CEB8-8B4A-11D0-8D11-00A0C91BC942}") = "MyExecRefsLib", "MyExecRefsLib\MyExecRefsLib.vcxproj", "{9E86C772-93FB-436E-8E99-235A1941E84D}"
EndProject
Global
	GlobalSection(SolutionConfigurationPlatforms) = preSolution
		Debug|x64 = Debug|x64
		Debug|x86 = Debug|x86
		Release|x64 = Release|x64
		Release|x86 = Release|x86
	EndGlobalSection
	GlobalSection(ProjectConfigurationPlatforms) = postSolution
		{F86D7F87-EF6C-46E9-A0E3-7201302DD6DD}.Debug|x64.ActiveCfg = Debug|x64
		{F86D7F87-EF6C-46E9-A0E3-7201302DD6DD}.Debug|x64.Build.0 = Debug|x64
		{F86D7F87-EF6C-46E9-A0E3-7201302DD6DD}.Debug|x86.ActiveCfg = Debug|Win32
		{F86D7F87-EF6C-46E9-A0E3-7201302DD6DD}.Debug|x86.Build.0 = Debug|Win32
		{F86D7F87-EF6C-46E9-A0E3-7201302DD6DD}.Release|x64.ActiveCfg = Release|x64
		{F86D7F87-EF6C-46E9-A0E3-7201302DD6DD}.Release|x64.Build.0 = Release|x64
		{F86D7F87-EF6C-46E9-A0E3-7201302DD6DD}.Release|x86.ActiveCfg = Release|Win32
		{F86D7F87-EF6C-46E9-A0E3-7201302DD6DD}.Release|x86.Build.0 = Release|Win32
		{9E86C772-93FB-436E-8E99-235A1941E84D}.Debug|x64.ActiveCfg = Debug|x64
		{9E86C772-93FB-436E-8E99-235A1941E84D}.Debug|x64.Build.0 = Debug|x64
		{9E86C772-93FB-436E-8E99-235A1941E84D}.Debug|x86.ActiveCfg = Debug|Win32
		{9E86C772-93FB-436E-8E99-235A1941E84D}.Debug|x86.Build.0 = Debug|Win32
		{9E86C772-93FB-436E-8E99-235A1941E84D}.Release|x64.ActiveCfg = Release|x64
		{9E86C772-93FB-436E-8E99-235A1941E84D}.Release|x64.Build.0 = Release|x64
		{9E86C772-93FB-436E-8E99-235A1941E84D}.Release|x86.ActiveCfg = Release|Win32
		{9E86C772-93FB-436E-8E99-235A1941E84D}.Release|x86.Build.0 = Release|Win32
	EndGlobalSection
	GlobalSection(SolutionProperties) = preSolution
		HideSolutionNode = FALSE
	EndGlobalSection
	GlobalSection(ExtensibilityGlobals) = postSolution
		SolutionGuid = {E6595151-5A39-4E81-B7CA-E3687F7F9F74}
	EndGlobalSection
EndGlobal
